
Microsoft Visual Studio Solution File, Format Version 10.00
# Visual Studio 2008
Project("{F184B08F-C81C-45F6-A57F-5ABD9991F28F}") = "TakeoHospitalInventory", "TakeoHospitalInventory\TakeoHospitalInventory.vbproj", "{FDE6F385-3C32-4E8E-BA78-B3F28EFAEF82}"
EndProject
Global
	GlobalSection(SolutionConfigurationPlatforms) = preSolution
		Debug|Any CPU = Debug|Any CPU
		Release|Any CPU = Release|Any CPU
	EndGlobalSection
	GlobalSection(ProjectConfigurationPlatforms) = postSolution
		{FDE6F385-3C32-4E8E-BA78-B3F28EFAEF82}.Debug|Any CPU.ActiveCfg = Debug|Any CPU
		{FDE6F385-3C32-4E8E-BA78-B3F28EFAEF82}.Debug|Any CPU.Build.0 = Debug|Any CPU
		{FDE6F385-3C32-4E8E-BA78-B3F28EFAEF82}.Release|Any CPU.ActiveCfg = Release|Any CPU
		{FDE6F385-3C32-4E8E-BA78-B3F28EFAEF82}.Release|Any CPU.Build.0 = Release|Any CPU
	EndGlobalSection
	GlobalSection(SolutionProperties) = preSolution
		HideSolutionNode = FALSE
	EndGlobalSection
EndGlobal
